
Microsoft Visual Studio Solution File, Format Version 12.00
# Visual Studio Version 17
VisualStudioVersion = 17.4.33122.133
MinimumVisualStudioVersion = 10.0.40219.1
Project("{FAE04EC0-301F-11D3-BF4B-00C04F79EFBC}") = "Product_Stock", "Product_Stock\Product_Stock.csproj", "{F641FB78-345A-4B93-91BE-560AA124CB87}"
EndProject
Global
	GlobalSection(SolutionConfigurationPlatforms) = preSolution
		Debug|Any CPU = Debug|Any CPU
		Release|Any CPU = Release|Any CPU
	EndGlobalSection
	GlobalSection(ProjectConfigurationPlatforms) = postSolution
		{F641FB78-345A-4B93-91BE-560AA124CB87}.Debug|Any CPU.ActiveCfg = Debug|Any CPU
		{F641FB78-345A-4B93-91BE-560AA124CB87}.Debug|Any CPU.Build.0 = Debug|Any CPU
		{F641FB78-345A-4B93-91BE-560AA124CB87}.Release|Any CPU.ActiveCfg = Release|Any CPU
		{F641FB78-345A-4B93-91BE-560AA124CB87}.Release|Any CPU.Build.0 = Release|Any CPU
	EndGlobalSection
	GlobalSection(SolutionProperties) = preSolution
		HideSolutionNode = FALSE
	EndGlobalSection
	GlobalSection(ExtensibilityGlobals) = postSolution
		SolutionGuid = {F694338A-BA24-4887-8A38-18702C4ADC5E}
	EndGlobalSection
EndGlobal
